// !$*UTF8*$!
{
	archiveVersion = 1;
	classes = {
	};
	objectVersion = 46;
	objects = {

/* Begin PBXBuildFile section */
		35EB9A7E1B2A0D090077338E /* AppDelegate.swift in Sources */ = {isa = PBXBuildFile; fileRef = 35EB9A7D1B2A0D090077338E /* AppDelegate.swift */; };
		35EB9A801B2A0D090077338E /* ViewController.swift in Sources */ = {isa = PBXBuildFile; fileRef = 35EB9A7F1B2A0D090077338E /* ViewController.swift */; };
		35EB9A831B2A0D090077338E /* Main.storyboard in Resources */ = {isa = PBXBuildFile; fileRef = 35EB9A811B2A0D090077338E /* Main.storyboard */; };
		35EB9A851B2A0D090077338E /* Images.xcassets in Resources */ = {isa = PBXBuildFile; fileRef = 35EB9A841B2A0D090077338E /* Images.xcassets */; };
		35EB9A881B2A0D090077338E /* LaunchScreen.xib in Resources */ = {isa = PBXBuildFile; fileRef = 35EB9A861B2A0D090077338E /* LaunchScreen.xib */; };
		35EB9A941B2A0D090077338E /* PostcardTests.swift in Sources */ = {isa = PBXBuildFile; fileRef = 35EB9A931B2A0D090077338E /* PostcardTests.swift */; };
		35EB9A9E1B2A15A80077338E /* SagradaFamilia.jpeg in Resources */ = {isa = PBXBuildFile; fileRef = 35EB9A9D1B2A15A80077338E /* SagradaFamilia.jpeg */; };
		35EB9AA01B2A18480077338E /* AlbertEinsteinStamp.jpg in Resources */ = {isa = PBXBuildFile; fileRef = 35EB9A9F1B2A18480077338E /* AlbertEinsteinStamp.jpg */; };
/* End PBXBuildFile section */

/* Begin PBXContainerItemProxy section */
		35EB9A8E1B2A0D090077338E /* PBXContainerItemProxy */ = {
			isa = PBXContainerItemProxy;
			containerPortal = 35EB9A701B2A0D090077338E /* Project object */;
			proxyType = 1;
			remoteGlobalIDString = 35EB9A771B2A0D090077338E;
			remoteInfo = Postcard;
		};
/* End PBXContainerItemProxy section */

/* Begin PBXFileReference section */
		35EB9A781B2A0D090077338E /* Postcard.app */ = {isa = PBXFileReference; explicitFileType = wrapper.application; includeInIndex = 0; path = Postcard.app; sourceTree = BUILT_PRODUCTS_DIR; };
		35EB9A7C1B2A0D090077338E /* Info.plist */ = {isa = PBXFileReference; lastKnownFileType = text.plist.xml; path = Info.plist; sourceTree = "<group>"; };
		35EB9A7D1B2A0D090077338E /* AppDelegate.swift */ = {isa = PBXFileReference; lastKnownFileType = sourcecode.swift; path = AppDelegate.swift; sourceTree = "<group>"; };
		35EB9A7F1B2A0D090077338E /* ViewController.swift */ = {isa = PBXFileReference; lastKnownFileType = sourcecode.swift; path = ViewController.swift; sourceTree = "<group>"; };
		35EB9A821B2A0D090077338E /* Base */ = {isa = PBXFileReference; lastKnownFileType = file.storyboard; name = Base; path = Base.lproj/Main.storyboard; sourceTree = "<group>"; };
		35EB9A841B2A0D090077338E /* Images.xcassets */ = {isa = PBXFileReference; lastKnownFileType = folder.assetcatalog; path = Images.xcassets; sourceTree = "<group>"; };
		35EB9A871B2A0D090077338E /* Base */ = {isa = PBXFileReference; lastKnownFileType = file.xib; name = Base; path = Base.lproj/LaunchScreen.xib; sourceTree = "<group>"; };
		35EB9A8D1B2A0D090077338E /* PostcardTests.xctest */ = {isa = PBXFileReference; explicitFileType = wrapper.cfbundle; includeInIndex = 0; path = PostcardTests.xctest; sourceTree = BUILT_PRODUCTS_DIR; };
		35EB9A921B2A0D090077338E /* Info.plist */ = {isa = PBXFileReference; lastKnownFileType = text.plist.xml; path = Info.plist; sourceTree = "<group>"; };
		35EB9A931B2A0D090077338E /* PostcardTests.swift */ = {isa = PBXFileReference; lastKnownFileType = sourcecode.swift; path = PostcardTests.swift; sourceTree = "<group>"; };
		35EB9A9D1B2A15A80077338E /* SagradaFamilia.jpeg */ = {isa = PBXFileReference; lastKnownFileType = image.jpeg; path = SagradaFamilia.jpeg; sourceTree = "<group>"; };
		35EB9A9F1B2A18480077338E /* AlbertEinsteinStamp.jpg */ = {isa = PBXFileReference; lastKnownFileType = image.jpeg; path = AlbertEinsteinStamp.jpg; sourceTree = "<group>"; };
/* End PBXFileReference section */

/* Begin PBXFrameworksBuildPhase section */
		35EB9A751B2A0D090077338E /* Frameworks */ = {
			isa = PBXFrameworksBuildPhase;
			buildActionMask = 2147483647;
			files = (
			);
			runOnlyForDeploymentPostprocessing = 0;
		};
		35EB9A8A1B2A0D090077338E /* Frameworks */ = {
			isa = PBXFrameworksBuildPhase;
			buildActionMask = 2147483647;
			files = (
			);
			runOnlyForDeploymentPostprocessing = 0;
		};
/* End PBXFrameworksBuildPhase section */

/* Begin PBXGroup section */
		35EB9A6F1B2A0D090077338E = {
			isa = PBXGroup;
			children = (
				35EB9A7A1B2A0D090077338E /* Postcard */,
				35EB9A901B2A0D090077338E /* PostcardTests */,
				35EB9A791B2A0D090077338E /* Products */,
			);
			sourceTree = "<group>";
		};
		35EB9A791B2A0D090077338E /* Products */ = {
			isa = PBXGroup;
			children = (
				35EB9A781B2A0D090077338E /* Postcard.app */,
				35EB9A8D1B2A0D090077338E /* PostcardTests.xctest */,
			);
			name = Products;
			sourceTree = "<group>";
		};
		35EB9A7A1B2A0D090077338E /* Postcard */ = {
			isa = PBXGroup;
			children = (
				35EB9A7D1B2A0D090077338E /* AppDelegate.swift */,
				35EB9A7F1B2A0D090077338E /* ViewController.swift */,
				35EB9A811B2A0D090077338E /* Main.storyboard */,
				35EB9A841B2A0D090077338E /* Images.xcassets */,
				35EB9A861B2A0D090077338E /* LaunchScreen.xib */,
				35EB9A7B1B2A0D090077338E /* Supporting Files */,
			);
			path = Postcard;
			sourceTree = "<group>";
		};
		35EB9A7B1B2A0D090077338E /* Supporting Files */ = {
			isa = PBXGroup;
			children = (
				35EB9A9F1B2A18480077338E /* AlbertEinsteinStamp.jpg */,
				35EB9A9D1B2A15A80077338E /* SagradaFamilia.jpeg */,
				35EB9A7C1B2A0D090077338E /* Info.plist */,
			);
			name = "Supporting Files";
			sourceTree = "<group>";
		};
		35EB9A901B2A0D090077338E /* PostcardTests */ = {
			isa = PBXGroup;
			children = (
				35EB9A931B2A0D090077338E /* PostcardTests.swift */,
				35EB9A911B2A0D090077338E /* Supporting Files */,
			);
			path = PostcardTests;
			sourceTree = "<group>";
		};
		35EB9A911B2A0D090077338E /* Supporting Files */ = {
			isa = PBXGroup;
			children = (
				35EB9A921B2A0D090077338E /* Info.plist */,
			);
			name = "Supporting Files";
			sourceTree = "<group>";
		};
/* End PBXGroup section */

/* Begin PBXNativeTarget section */
		35EB9A771B2A0D090077338E /* Postcard */ = {
			isa = PBXNativeTarget;
			buildConfigurationList = 35EB9A971B2A0D090077338E /* Build configuration list for PBXNativeTarget "Postcard" */;
			buildPhases = (
				35EB9A741B2A0D090077338E /* Sources */,
				35EB9A751B2A0D090077338E /* Frameworks */,
				35EB9A761B2A0D090077338E /* Resources */,
			);
			buildRules = (
			);
			dependencies = (
			);
			name = Postcard;
			productName = Postcard;
			productReference = 35EB9A781B2A0D090077338E /* Postcard.app */;
			productType = "com.apple.product-type.application";
		};
		35EB9A8C1B2A0D090077338E /* PostcardTests */ = {
			isa = PBXNativeTarget;
			buildConfigurationList = 35EB9A9A1B2A0D090077338E /* Build configuration list for PBXNativeTarget "PostcardTests" */;
			buildPhases = (
				35EB9A891B2A0D090077338E /* Sources */,
				35EB9A8A1B2A0D090077338E /* Frameworks */,
				35EB9A8B1B2A0D090077338E /* Resources */,
			);
			buildRules = (
			);
			dependencies = (
				35EB9A8F1B2A0D090077338E /* PBXTargetDependency */,
			);
			name = PostcardTests;
			productName = PostcardTests;
			productReference = 35EB9A8D1B2A0D090077338E /* PostcardTests.xctest */;
			productType = "com.apple.product-type.bundle.unit-test";
		};
/* End PBXNativeTarget section */

/* Begin PBXProject section */
		35EB9A701B2A0D090077338E /* Project object */ = {
			isa = PBXProject;
			attributes = {
				LastUpgradeCheck = 0630;
				ORGANIZATIONNAME = "Dvelopin LLC";
				TargetAttributes = {
					35EB9A771B2A0D090077338E = {
						CreatedOnToolsVersion = 6.3.2;
						DevelopmentTeam = P4J268D9B5;
					};
					35EB9A8C1B2A0D090077338E = {
						CreatedOnToolsVersion = 6.3.2;
						TestTargetID = 35EB9A771B2A0D090077338E;
					};
				};
			};
			buildConfigurationList = 35EB9A731B2A0D090077338E /* Build configuration list for PBXProject "Postcard" */;
			compatibilityVersion = "Xcode 3.2";
			developmentRegion = English;
			hasScannedForEncodings = 0;
			knownRegions = (
				en,
				Base,
			);
			mainGroup = 35EB9A6F1B2A0D090077338E;
			productRefGroup = 35EB9A791B2A0D090077338E /* Products */;
			projectDirPath = "";
			projectRoot = "";
			targets = (
				35EB9A771B2A0D090077338E /* Postcard */,
				35EB9A8C1B2A0D090077338E /* PostcardTests */,
			);
		};
/* End PBXProject section */

/* Begin PBXResourcesBuildPhase section */
		35EB9A761B2A0D090077338E /* Resources */ = {
			isa = PBXResourcesBuildPhase;
			buildActionMask = 2147483647;
			files = (
				35EB9A831B2A0D090077338E /* Main.storyboard in Resources */,
				35EB9A9E1B2A15A80077338E /* SagradaFamilia.jpeg in Resources */,
				35EB9AA01B2A18480077338E /* AlbertEinsteinStamp.jpg in Resources */,
				35EB9A881B2A0D090077338E /* LaunchScreen.xib in Resources */,
				35EB9A851B2A0D090077338E /* Images.xcassets in Resources */,
			);
			runOnlyForDeploymentPostprocessing = 0;
		};
		35EB9A8B1B2A0D090077338E /* Resources */ = {
			isa = PBXResourcesBuildPhase;
			buildActionMask = 2147483647;
			files = (
			);
			runOnlyForDeploymentPostprocessing = 0;
		};
/* End PBXResourcesBuildPhase section */

/* Begin PBXSourcesBuildPhase section */
		35EB9A741B2A0D090077338E /* Sources */ = {
			isa = PBXSourcesBuildPhase;
			buildActionMask = 2147483647;
			files = (
				35EB9A801B2A0D090077338E /* ViewController.swift in Sources */,
				35EB9A7E1B2A0D090077338E /* AppDelegate.swift in Sources */,
			);
			runOnlyForDeploymentPostprocessing = 0;
		};
		35EB9A891B2A0D090077338E /* Sources */ = {
			isa = PBXSourcesBuildPhase;
			buildActionMask = 2147483647;
			files = (
				35EB9A941B2A0D090077338E /* PostcardTests.swift in Sources */,
			);
			runOnlyForDeploymentPostprocessing = 0;
		};
/* End PBXSourcesBuildPhase section */

/* Begin PBXTargetDependency section */
		35EB9A8F1B2A0D090077338E /* PBXTargetDependency */ = {
			isa = PBXTargetDependency;
			target = 35EB9A771B2A0D090077338E /* Postcard */;
			targetProxy = 35EB9A8E1B2A0D090077338E /* PBXContainerItemProxy */;
		};
/* End PBXTargetDependency section */

/* Begin PBXVariantGroup section */
		35EB9A811B2A0D090077338E /* Main.storyboard */ = {
			isa = PBXVariantGroup;
			children = (
				35EB9A821B2A0D090077338E /* Base */,
			);
			name = Main.storyboard;
			sourceTree = "<group>";
		};
		35EB9A861B2A0D090077338E /* LaunchScreen.xib */ = {
			isa = PBXVariantGroup;
			children = (
				35EB9A871B2A0D090077338E /* Base */,
			);
			name = LaunchScreen.xib;
			sourceTree = "<group>";
		};
/* End PBXVariantGroup section */

/* Begin XCBuildConfiguration section */
		35EB9A951B2A0D090077338E /* Debug */ = {
			isa = XCBuildConfiguration;
			buildSettings = {
				ALWAYS_SEARCH_USER_PATHS = NO;
				CLANG_CXX_LANGUAGE_STANDARD = "gnu++0x";
				CLANG_CXX_LIBRARY = "libc++";
				CLANG_ENABLE_MODULES = YES;
				CLANG_ENABLE_OBJC_ARC = YES;
				CLANG_WARN_BOOL_CONVERSION = YES;
				CLANG_WARN_CONSTANT_CONVERSION = YES;
				CLANG_WARN_DIRECT_OBJC_ISA_USAGE = YES_ERROR;
				CLANG_WARN_EMPTY_BODY = YES;
				CLANG_WARN_ENUM_CONVERSION = YES;
				CLANG_WARN_INT_CONVERSION = YES;
				CLANG_WARN_OBJC_ROOT_CLASS = YES_ERROR;
				CLANG_WARN_UNREACHABLE_CODE = YES;
				CLANG_WARN__DUPLICATE_METHOD_MATCH = YES;
				"CODE_SIGN_IDENTITY[sdk=iphoneos*]" = "iPhone Developer";
				COPY_PHASE_STRIP = NO;
				DEBUG_INFORMATION_FORMAT = "dwarf-with-dsym";
				ENABLE_STRICT_OBJC_MSGSEND = YES;
				GCC_C_LANGUAGE_STANDARD = gnu99;
				GCC_DYNAMIC_NO_PIC = NO;
				GCC_NO_COMMON_BLOCKS = YES;
				GCC_OPTIMIZATION_LEVEL = 0;
				GCC_PREPROCESSOR_DEFINITIONS = (
					"DEBUG=1",
					"$(inherited)",
				);
				GCC_SYMBOLS_PRIVATE_EXTERN = NO;
				GCC_WARN_64_TO_32_BIT_CONVERSION = YES;
				GCC_WARN_ABOUT_RETURN_TYPE = YES_ERROR;
				GCC_WARN_UNDECLARED_SELECTOR = YES;
				GCC_WARN_UNINITIALIZED_AUTOS = YES_AGGRESSIVE;
				GCC_WARN_UNUSED_FUNCTION = YES;
				GCC_WARN_UNUSED_VARIABLE = YES;
				IPHONEOS_DEPLOYMENT_TARGET = 8.3;
				MTL_ENABLE_DEBUG_INFO = YES;
				ONLY_ACTIVE_ARCH = YES;
				SDKROOT = iphoneos;
				SWIFT_OPTIMIZATION_LEVEL = "-Onone";
				TARGETED_DEVICE_FAMILY = "1,2";
			};
			name = Debug;
		};
		35EB9A961B2A0D090077338E /* Release */ = {
			isa = XCBuildConfiguration;
			buildSettings = {
				ALWAYS_SEARCH_USER_PATHS = NO;
				CLANG_CXX_LANGUAGE_STANDARD = "gnu++0x";
				CLANG_CXX_LIBRARY = "libc++";
				CLANG_ENABLE_MODULES = YES;
				CLANG_ENABLE_OBJC_ARC = YES;
				CLANG_WARN_BOOL_CONVERSION = YES;
				CLANG_WARN_CONSTANT_CONVERSION = YES;
				CLANG_WARN_DIRECT_OBJC_ISA_USAGE = YES_ERROR;
				CLANG_WARN_EMPTY_BODY = YES;
				CLANG_WARN_ENUM_CONVERSION = YES;
				CLANG_WARN_INT_CONVERSION = YES;
				CLANG_WARN_OBJC_ROOT_CLASS = YES_ERROR;
				CLANG_WARN_UNREACHABLE_CODE = YES;
				CLANG_WARN__DUPLICATE_METHOD_MATCH = YES;
				"CODE_SIGN_IDENTITY[sdk=iphoneos*]" = "iPhone Developer";
				COPY_PHASE_STRIP = NO;
				DEBUG_INFORMATION_FORMAT = "dwarf-with-dsym";
				ENABLE_NS_ASSERTIONS = NO;
				ENABLE_STRICT_OBJC_MSGSEND = YES;
				GCC_C_LANGUAGE_STANDARD = gnu99;
				GCC_NO_COMMON_BLOCKS = YES;
				GCC_WARN_64_TO_32_BIT_CONVERSION = YES;
				GCC_WARN_ABOUT_RETURN_TYPE = YES_ERROR;
				GCC_WARN_UNDECLARED_SELECTOR = YES;
				GCC_WARN_UNINITIALIZED_AUTOS = YES_AGGRESSIVE;
				GCC_WARN_UNUSED_FUNCTION = YES;
				GCC_WARN_UNUSED_VARIABLE = YES;
				IPHONEOS_DEPLOYMENT_TARGET = 8.3;
				MTL_ENABLE_DEBUG_INFO = NO;
				SDKROOT = iphoneos;
				TARGETED_DEVICE_FAMILY = "1,2";
				VALIDATE_PRODUCT = YES;
			};
			name = Release;
		};
		35EB9A981B2A0D090077338E /* Debug */ = {
			isa = XCBuildConfiguration;
			buildSettings = {
				ASSETCATALOG_COMPILER_APPICON_NAME = AppIcon;
				CODE_SIGN_IDENTITY = "iPhone Developer";
				INFOPLIST_FILE = Postcard/Info.plist;
				LD_RUNPATH_SEARCH_PATHS = "$(inherited) @executable_path/Frameworks";
				PRODUCT_NAME = "$(TARGET_NAME)";
			};
			name = Debug;
		};
		35EB9A991B2A0D090077338E /* Release */ = {
			isa = XCBuildConfiguration;
			buildSettings = {
				ASSETCATALOG_COMPILER_APPICON_NAME = AppIcon;
				CODE_SIGN_IDENTITY = "iPhone Developer";
				INFOPLIST_FILE = Postcard/Info.plist;
				LD_RUNPATH_SEARCH_PATHS = "$(inherited) @executable_path/Frameworks";
				PRODUCT_NAME = "$(TARGET_NAME)";
			};
			name = Release;
		};
		35EB9A9B1B2A0D090077338E /* Debug */ = {
			isa = XCBuildConfiguration;
			buildSettings = {
				BUNDLE_LOADER = "$(TEST_HOST)";
				FRAMEWORK_SEARCH_PATHS = (
					"$(SDKROOT)/Developer/Library/Frameworks",
					"$(inherited)",
				);
				GCC_PREPROCESSOR_DEFINITIONS = (
					"DEBUG=1",
					"$(inherited)",
				);
				INFOPLIST_FILE = PostcardTests/Info.plist;
				LD_RUNPATH_SEARCH_PATHS = "$(inherited) @executable_path/Frameworks @loader_path/Frameworks";
				PRODUCT_NAME = "$(TARGET_NAME)";
				TEST_HOST = "$(BUILT_PRODUCTS_DIR)/Postcard.app/Postcard";
			};
			name = Debug;
		};
		35EB9A9C1B2A0D090077338E /* Release */ = {
			isa = XCBuildConfiguration;
			buildSettings = {
				BUNDLE_LOADER = "$(TEST_HOST)";
				FRAMEWORK_SEARCH_PATHS = (
					"$(SDKROOT)/Developer/Library/Frameworks",
					"$(inherited)",
				);
				INFOPLIST_FILE = PostcardTests/Info.plist;
				LD_RUNPATH_SEARCH_PATHS = "$(inherited) @executable_path/Frameworks @loader_path/Frameworks";
				PRODUCT_NAME = "$(TARGET_NAME)";
				TEST_HOST = "$(BUILT_PRODUCTS_DIR)/Postcard.app/Postcard";
			};
			name = Release;
		};
/* End XCBuildConfiguration section */

/* Begin XCConfigurationList section */
		35EB9A731B2A0D090077338E /* Build configuration list for PBXProject "Postcard" */ = {
			isa = XCConfigurationList;
			buildConfigurations = (
				35EB9A951B2A0D090077338E /* Debug */,
				35EB9A961B2A0D090077338E /* Release */,
			);
			defaultConfigurationIsVisible = 0;
			defaultConfigurationName = Release;
		};
		35EB9A971B2A0D090077338E /* Build configuration list for PBXNativeTarget "Postcard" */ = {
			isa = XCConfigurationList;
			buildConfigurations = (
				35EB9A981B2A0D090077338E /* Debug */,
				35EB9A991B2A0D090077338E /* Release */,
			);
			defaultConfigurationIsVisible = 0;
		};
		35EB9A9A1B2A0D090077338E /* Build configuration list for PBXNativeTarget "PostcardTests" */ = {
			isa = XCConfigurationList;
			buildConfigurations = (
				35EB9A9B1B2A0D090077338E /* Debug */,
				35EB9A9C1B2A0D090077338E /* Release */,
			);
			defaultConfigurationIsVisible = 0;
		};
/* End XCConfigurationList section */
	};
	rootObject = 35EB9A701B2A0D090077338E /* Project object */;
}
